# THIS IS AN AUTOGENERATED FILE. DO NOT EDIT THIS FILE DIRECTLY.
# yarn lockfile v1


csv-parse@^5.5.6:
  version "5.5.6"
  resolved "https://registry.yarnpkg.com/csv-parse/-/csv-parse-5.5.6.tgz#0d726d58a60416361358eec291a9f93abe0b6b1a"
  integrity sha512-uNpm30m/AGSkLxxy7d9yRXpJQFrZzVWLFBkS+6ngPcZkw/5k3L/jjFuj7tVnEpRn+QgmiXr21nDlhCiUK4ij2A==
